// !$*UTF8*$!
{
	archiveVersion = 1;
	classes = {
	};
	objectVersion = 56;
	objects = {

/* Begin PBXBuildFile section */
		7071AADB2AFBBA5D003F8AD6 /* RealityKitContent in Frameworks */ = {isa = PBXBuildFile; productRef = 7071AADA2AFBBA5D003F8AD6 /* RealityKitContent */; };
		7071AADD2AFBBA5D003F8AD6 /* Inspiration4App.swift in Sources */ = {isa = PBXBuildFile; fileRef = 7071AADC2AFBBA5D003F8AD6 /* Inspiration4App.swift */; };
		7071AAE32AFBBA5D003F8AD6 /* ImageBasedLight.exr in Resources */ = {isa = PBXBuildFile; fileRef = 7071AAE22AFBBA5D003F8AD6 /* ImageBasedLight.exr */; };
		7071AAE52AFBBA63003F8AD6 /* Assets.xcassets in Resources */ = {isa = PBXBuildFile; fileRef = 7071AAE42AFBBA63003F8AD6 /* Assets.xcassets */; };
		7071AAE82AFBBA63003F8AD6 /* Preview Assets.xcassets in Resources */ = {isa = PBXBuildFile; fileRef = 7071AAE72AFBBA63003F8AD6 /* Preview Assets.xcassets */; };
		7071AAEF2AFBBB35003F8AD6 /* Areas.swift in Sources */ = {isa = PBXBuildFile; fileRef = 7071AAEE2AFBBB35003F8AD6 /* Areas.swift */; };
		7071AAF32AFBBD7F003F8AD6 /* Area.swift in Sources */ = {isa = PBXBuildFile; fileRef = 7071AAF22AFBBD7F003F8AD6 /* Area.swift */; };
		7071AAF52AFBC177003F8AD6 /* Crew.swift in Sources */ = {isa = PBXBuildFile; fileRef = 7071AAF42AFBC177003F8AD6 /* Crew.swift */; };
		7071AAF72AFBC33D003F8AD6 /* ViewModel.swift in Sources */ = {isa = PBXBuildFile; fileRef = 7071AAF62AFBC33D003F8AD6 /* ViewModel.swift */; };
		7071AAF92AFBC449003F8AD6 /* NavigationToAreas.swift in Sources */ = {isa = PBXBuildFile; fileRef = 7071AAF82AFBC449003F8AD6 /* NavigationToAreas.swift */; };
/* End PBXBuildFile section */

/* Begin PBXFileReference section */
		7071AAD52AFBBA5D003F8AD6 /* Inspiration4App.app */ = {isa = PBXFileReference; explicitFileType = wrapper.application; includeInIndex = 0; path = Inspiration4App.app; sourceTree = BUILT_PRODUCTS_DIR; };
		7071AAD92AFBBA5D003F8AD6 /* RealityKitContent */ = {isa = PBXFileReference; lastKnownFileType = wrapper; path = RealityKitContent; sourceTree = "<group>"; };
		7071AADC2AFBBA5D003F8AD6 /* Inspiration4App.swift */ = {isa = PBXFileReference; lastKnownFileType = sourcecode.swift; path = Inspiration4App.swift; sourceTree = "<group>"; };
		7071AAE22AFBBA5D003F8AD6 /* ImageBasedLight.exr */ = {isa = PBXFileReference; lastKnownFileType = file; path = ImageBasedLight.exr; sourceTree = "<group>"; };
		7071AAE42AFBBA63003F8AD6 /* Assets.xcassets */ = {isa = PBXFileReference; lastKnownFileType = folder.assetcatalog; path = Assets.xcassets; sourceTree = "<group>"; };
		7071AAE72AFBBA63003F8AD6 /* Preview Assets.xcassets */ = {isa = PBXFileReference; lastKnownFileType = folder.assetcatalog; path = "Preview Assets.xcassets"; sourceTree = "<group>"; };
		7071AAEE2AFBBB35003F8AD6 /* Areas.swift */ = {isa = PBXFileReference; lastKnownFileType = sourcecode.swift; path = Areas.swift; sourceTree = "<group>"; };
		7071AAF22AFBBD7F003F8AD6 /* Area.swift */ = {isa = PBXFileReference; lastKnownFileType = sourcecode.swift; path = Area.swift; sourceTree = "<group>"; };
		7071AAF42AFBC177003F8AD6 /* Crew.swift */ = {isa = PBXFileReference; lastKnownFileType = sourcecode.swift; path = Crew.swift; sourceTree = "<group>"; };
		7071AAF62AFBC33D003F8AD6 /* ViewModel.swift */ = {isa = PBXFileReference; lastKnownFileType = sourcecode.swift; path = ViewModel.swift; sourceTree = "<group>"; };
		7071AAF82AFBC449003F8AD6 /* NavigationToAreas.swift */ = {isa = PBXFileReference; lastKnownFileType = sourcecode.swift; path = NavigationToAreas.swift; sourceTree = "<group>"; };
/* End PBXFileReference section */

/* Begin PBXFrameworksBuildPhase section */
		7071AAD22AFBBA5D003F8AD6 /* Frameworks */ = {
			isa = PBXFrameworksBuildPhase;
			buildActionMask = 2147483647;
			files = (
				7071AADB2AFBBA5D003F8AD6 /* RealityKitContent in Frameworks */,
			);
			runOnlyForDeploymentPostprocessing = 0;
		};
/* End PBXFrameworksBuildPhase section */

/* Begin PBXGroup section */
		7071AACC2AFBBA5D003F8AD6 = {
			isa = PBXGroup;
			children = (
				7071AAD72AFBBA5D003F8AD6 /* Inspiration4App */,
				7071AAD82AFBBA5D003F8AD6 /* Packages */,
				7071AAD62AFBBA5D003F8AD6 /* Products */,
			);
			sourceTree = "<group>";
		};
		7071AAD62AFBBA5D003F8AD6 /* Products */ = {
			isa = PBXGroup;
			children = (
				7071AAD52AFBBA5D003F8AD6 /* Inspiration4App.app */,
			);
			name = Products;
			sourceTree = "<group>";
		};
		7071AAD72AFBBA5D003F8AD6 /* Inspiration4App */ = {
			isa = PBXGroup;
			children = (
				7071AAF02AFBBB4E003F8AD6 /* Areas */,
				7071AAF12AFBBD55003F8AD6 /* Models */,
				7071AADC2AFBBA5D003F8AD6 /* Inspiration4App.swift */,
				7071AAE22AFBBA5D003F8AD6 /* ImageBasedLight.exr */,
				7071AAE42AFBBA63003F8AD6 /* Assets.xcassets */,
				7071AAE62AFBBA63003F8AD6 /* Preview Content */,
			);
			path = Inspiration4App;
			sourceTree = "<group>";
		};
		7071AAD82AFBBA5D003F8AD6 /* Packages */ = {
			isa = PBXGroup;
			children = (
				7071AAD92AFBBA5D003F8AD6 /* RealityKitContent */,
			);
			path = Packages;
			sourceTree = "<group>";
		};
		7071AAE62AFBBA63003F8AD6 /* Preview Content */ = {
			isa = PBXGroup;
			children = (
				7071AAE72AFBBA63003F8AD6 /* Preview Assets.xcassets */,
			);
			path = "Preview Content";
			sourceTree = "<group>";
		};
		7071AAF02AFBBB4E003F8AD6 /* Areas */ = {
			isa = PBXGroup;
			children = (
				7071AAEE2AFBBB35003F8AD6 /* Areas.swift */,
				7071AAF82AFBC449003F8AD6 /* NavigationToAreas.swift */,
			);
			path = Areas;
			sourceTree = "<group>";
		};
		7071AAF12AFBBD55003F8AD6 /* Models */ = {
			isa = PBXGroup;
			children = (
				7071AAF22AFBBD7F003F8AD6 /* Area.swift */,
				7071AAF42AFBC177003F8AD6 /* Crew.swift */,
				7071AAF62AFBC33D003F8AD6 /* ViewModel.swift */,
			);
			path = Models;
			sourceTree = "<group>";
		};
/* End PBXGroup section */

/* Begin PBXNativeTarget section */
		7071AAD42AFBBA5D003F8AD6 /* Inspiration4App */ = {
			isa = PBXNativeTarget;
			buildConfigurationList = 7071AAEB2AFBBA63003F8AD6 /* Build configuration list for PBXNativeTarget "Inspiration4App" */;
			buildPhases = (
				7071AAD12AFBBA5D003F8AD6 /* Sources */,
				7071AAD22AFBBA5D003F8AD6 /* Frameworks */,
				7071AAD32AFBBA5D003F8AD6 /* Resources */,
			);
			buildRules = (
			);
			dependencies = (
			);
			name = Inspiration4App;
			packageProductDependencies = (
				7071AADA2AFBBA5D003F8AD6 /* RealityKitContent */,
			);
			productName = Inspiration4App;
			productReference = 7071AAD52AFBBA5D003F8AD6 /* Inspiration4App.app */;
			productType = "com.apple.product-type.application";
		};
/* End PBXNativeTarget section */

/* Begin PBXProject section */
		7071AACD2AFBBA5D003F8AD6 /* Project object */ = {
			isa = PBXProject;
			attributes = {
				BuildIndependentTargetsInParallel = 1;
				LastSwiftUpdateCheck = 1500;
				LastUpgradeCheck = 1500;
				TargetAttributes = {
					7071AAD42AFBBA5D003F8AD6 = {
						CreatedOnToolsVersion = 15.0;
					};
				};
			};
			buildConfigurationList = 7071AAD02AFBBA5D003F8AD6 /* Build configuration list for PBXProject "Inspiration4App" */;
			compatibilityVersion = "Xcode 14.0";
			developmentRegion = en;
			hasScannedForEncodings = 0;
			knownRegions = (
				en,
				Base,
			);
			mainGroup = 7071AACC2AFBBA5D003F8AD6;
			productRefGroup = 7071AAD62AFBBA5D003F8AD6 /* Products */;
			projectDirPath = "";
			projectRoot = "";
			targets = (
				7071AAD42AFBBA5D003F8AD6 /* Inspiration4App */,
			);
		};
/* End PBXProject section */

/* Begin PBXResourcesBuildPhase section */
		7071AAD32AFBBA5D003F8AD6 /* Resources */ = {
			isa = PBXResourcesBuildPhase;
			buildActionMask = 2147483647;
			files = (
				7071AAE52AFBBA63003F8AD6 /* Assets.xcassets in Resources */,
				7071AAE82AFBBA63003F8AD6 /* Preview Assets.xcassets in Resources */,
				7071AAE32AFBBA5D003F8AD6 /* ImageBasedLight.exr in Resources */,
			);
			runOnlyForDeploymentPostprocessing = 0;
		};
/* End PBXResourcesBuildPhase section */

/* Begin PBXSourcesBuildPhase section */
		7071AAD12AFBBA5D003F8AD6 /* Sources */ = {
			isa = PBXSourcesBuildPhase;
			buildActionMask = 2147483647;
			files = (
				7071AAF72AFBC33D003F8AD6 /* ViewModel.swift in Sources */,
				7071AAEF2AFBBB35003F8AD6 /* Areas.swift in Sources */,
				7071AAF32AFBBD7F003F8AD6 /* Area.swift in Sources */,
				7071AAF92AFBC449003F8AD6 /* NavigationToAreas.swift in Sources */,
				7071AAF52AFBC177003F8AD6 /* Crew.swift in Sources */,
				7071AADD2AFBBA5D003F8AD6 /* Inspiration4App.swift in Sources */,
			);
			runOnlyForDeploymentPostprocessing = 0;
		};
/* End PBXSourcesBuildPhase section */

/* Begin XCBuildConfiguration section */
		7071AAE92AFBBA63003F8AD6 /* Debug */ = {
			isa = XCBuildConfiguration;
			buildSettings = {
				ALWAYS_SEARCH_USER_PATHS = NO;
				ASSETCATALOG_COMPILER_GENERATE_SWIFT_ASSET_SYMBOL_EXTENSIONS = YES;
				CLANG_ANALYZER_NONNULL = YES;
				CLANG_ANALYZER_NUMBER_OBJECT_CONVERSION = YES_AGGRESSIVE;
				CLANG_CXX_LANGUAGE_STANDARD = "gnu++20";
				CLANG_ENABLE_MODULES = YES;
				CLANG_ENABLE_OBJC_ARC = YES;
				CLANG_ENABLE_OBJC_WEAK = YES;
				CLANG_WARN_BLOCK_CAPTURE_AUTORELEASING = YES;
				CLANG_WARN_BOOL_CONVERSION = YES;
				CLANG_WARN_COMMA = YES;
				CLANG_WARN_CONSTANT_CONVERSION = YES;
				CLANG_WARN_DEPRECATED_OBJC_IMPLEMENTATIONS = YES;
				CLANG_WARN_DIRECT_OBJC_ISA_USAGE = YES_ERROR;
				CLANG_WARN_DOCUMENTATION_COMMENTS = YES;
				CLANG_WARN_EMPTY_BODY = YES;
				CLANG_WARN_ENUM_CONVERSION = YES;
				CLANG_WARN_INFINITE_RECURSION = YES;
				CLANG_WARN_INT_CONVERSION = YES;
				CLANG_WARN_NON_LITERAL_NULL_CONVERSION = YES;
				CLANG_WARN_OBJC_IMPLICIT_RETAIN_SELF = YES;
				CLANG_WARN_OBJC_LITERAL_CONVERSION = YES;
				CLANG_WARN_OBJC_ROOT_CLASS = YES_ERROR;
				CLANG_WARN_QUOTED_INCLUDE_IN_FRAMEWORK_HEADER = YES;
				CLANG_WARN_RANGE_LOOP_ANALYSIS = YES;
				CLANG_WARN_STRICT_PROTOTYPES = YES;
				CLANG_WARN_SUSPICIOUS_MOVE = YES;
				CLANG_WARN_UNGUARDED_AVAILABILITY = YES_AGGRESSIVE;
				CLANG_WARN_UNREACHABLE_CODE = YES;
				CLANG_WARN__DUPLICATE_METHOD_MATCH = YES;
				COPY_PHASE_STRIP = NO;
				DEBUG_INFORMATION_FORMAT = dwarf;
				ENABLE_STRICT_OBJC_MSGSEND = YES;
				ENABLE_TESTABILITY = YES;
				ENABLE_USER_SCRIPT_SANDBOXING = YES;
				GCC_C_LANGUAGE_STANDARD = gnu17;
				GCC_DYNAMIC_NO_PIC = NO;
				GCC_NO_COMMON_BLOCKS = YES;
				GCC_OPTIMIZATION_LEVEL = 0;
				GCC_PREPROCESSOR_DEFINITIONS = (
					"DEBUG=1",
					"$(inherited)",
				);
				GCC_WARN_64_TO_32_BIT_CONVERSION = YES;
				GCC_WARN_ABOUT_RETURN_TYPE = YES_ERROR;
				GCC_WARN_UNDECLARED_SELECTOR = YES;
				GCC_WARN_UNINITIALIZED_AUTOS = YES_AGGRESSIVE;
				GCC_WARN_UNUSED_FUNCTION = YES;
				GCC_WARN_UNUSED_VARIABLE = YES;
				LOCALIZATION_PREFERS_STRING_CATALOGS = YES;
				MTL_ENABLE_DEBUG_INFO = INCLUDE_SOURCE;
				MTL_FAST_MATH = YES;
				ONLY_ACTIVE_ARCH = YES;
				SDKROOT = xros;
				SWIFT_ACTIVE_COMPILATION_CONDITIONS = "DEBUG $(inherited)";
				SWIFT_OPTIMIZATION_LEVEL = "-Onone";
				XROS_DEPLOYMENT_TARGET = 1.0;
			};
			name = Debug;
		};
		7071AAEA2AFBBA63003F8AD6 /* Release */ = {
			isa = XCBuildConfiguration;
			buildSettings = {
				ALWAYS_SEARCH_USER_PATHS = NO;
				ASSETCATALOG_COMPILER_GENERATE_SWIFT_ASSET_SYMBOL_EXTENSIONS = YES;
				CLANG_ANALYZER_NONNULL = YES;
				CLANG_ANALYZER_NUMBER_OBJECT_CONVERSION = YES_AGGRESSIVE;
				CLANG_CXX_LANGUAGE_STANDARD = "gnu++20";
				CLANG_ENABLE_MODULES = YES;
				CLANG_ENABLE_OBJC_ARC = YES;
				CLANG_ENABLE_OBJC_WEAK = YES;
				CLANG_WARN_BLOCK_CAPTURE_AUTORELEASING = YES;
				CLANG_WARN_BOOL_CONVERSION = YES;
				CLANG_WARN_COMMA = YES;
				CLANG_WARN_CONSTANT_CONVERSION = YES;
				CLANG_WARN_DEPRECATED_OBJC_IMPLEMENTATIONS = YES;
				CLANG_WARN_DIRECT_OBJC_ISA_USAGE = YES_ERROR;
				CLANG_WARN_DOCUMENTATION_COMMENTS = YES;
				CLANG_WARN_EMPTY_BODY = YES;
				CLANG_WARN_ENUM_CONVERSION = YES;
				CLANG_WARN_INFINITE_RECURSION = YES;
				CLANG_WARN_INT_CONVERSION = YES;
				CLANG_WARN_NON_LITERAL_NULL_CONVERSION = YES;
				CLANG_WARN_OBJC_IMPLICIT_RETAIN_SELF = YES;
				CLANG_WARN_OBJC_LITERAL_CONVERSION = YES;
				CLANG_WARN_OBJC_ROOT_CLASS = YES_ERROR;
				CLANG_WARN_QUOTED_INCLUDE_IN_FRAMEWORK_HEADER = YES;
				CLANG_WARN_RANGE_LOOP_ANALYSIS = YES;
				CLANG_WARN_STRICT_PROTOTYPES = YES;
				CLANG_WARN_SUSPICIOUS_MOVE = YES;
				CLANG_WARN_UNGUARDED_AVAILABILITY = YES_AGGRESSIVE;
				CLANG_WARN_UNREACHABLE_CODE = YES;
				CLANG_WARN__DUPLICATE_METHOD_MATCH = YES;
				COPY_PHASE_STRIP = NO;
				DEBUG_INFORMATION_FORMAT = "dwarf-with-dsym";
				ENABLE_NS_ASSERTIONS = NO;
				ENABLE_STRICT_OBJC_MSGSEND = YES;
				ENABLE_USER_SCRIPT_SANDBOXING = YES;
				GCC_C_LANGUAGE_STANDARD = gnu17;
				GCC_NO_COMMON_BLOCKS = YES;
				GCC_WARN_64_TO_32_BIT_CONVERSION = YES;
				GCC_WARN_ABOUT_RETURN_TYPE = YES_ERROR;
				GCC_WARN_UNDECLARED_SELECTOR = YES;
				GCC_WARN_UNINITIALIZED_AUTOS = YES_AGGRESSIVE;
				GCC_WARN_UNUSED_FUNCTION = YES;
				GCC_WARN_UNUSED_VARIABLE = YES;
				LOCALIZATION_PREFERS_STRING_CATALOGS = YES;
				MTL_ENABLE_DEBUG_INFO = NO;
				MTL_FAST_MATH = YES;
				SDKROOT = xros;
				SWIFT_COMPILATION_MODE = wholemodule;
				VALIDATE_PRODUCT = YES;
				XROS_DEPLOYMENT_TARGET = 1.0;
			};
			name = Release;
		};
		7071AAEC2AFBBA63003F8AD6 /* Debug */ = {
			isa = XCBuildConfiguration;
			buildSettings = {
				ASSETCATALOG_COMPILER_APPICON_NAME = AppIcon;
				ASSETCATALOG_COMPILER_GLOBAL_ACCENT_COLOR_NAME = AccentColor;
				CODE_SIGN_STYLE = Automatic;
				CURRENT_PROJECT_VERSION = 1;
				DEVELOPMENT_ASSET_PATHS = "\"Inspiration4App/Preview Content\"";
				DEVELOPMENT_TEAM = 5SLFBHS7D8;
				ENABLE_PREVIEWS = YES;
				GENERATE_INFOPLIST_FILE = YES;
				INFOPLIST_KEY_UIApplicationSceneManifest_Generation = YES;
				LD_RUNPATH_SEARCH_PATHS = (
					"$(inherited)",
					"@executable_path/Frameworks",
				);
				MARKETING_VERSION = 1.0;
				PRODUCT_BUNDLE_IDENTIFIER = com.Inspiration4App;
				PRODUCT_NAME = "$(TARGET_NAME)";
				SUPPORTED_PLATFORMS = "xros xrsimulator";
				SWIFT_EMIT_LOC_STRINGS = YES;
				SWIFT_VERSION = 5.0;
				TARGETED_DEVICE_FAMILY = "1,2,7";
			};
			name = Debug;
		};
		7071AAED2AFBBA63003F8AD6 /* Release */ = {
			isa = XCBuildConfiguration;
			buildSettings = {
				ASSETCATALOG_COMPILER_APPICON_NAME = AppIcon;
				ASSETCATALOG_COMPILER_GLOBAL_ACCENT_COLOR_NAME = AccentColor;
				CODE_SIGN_STYLE = Automatic;
				CURRENT_PROJECT_VERSION = 1;
				DEVELOPMENT_ASSET_PATHS = "\"Inspiration4App/Preview Content\"";
				DEVELOPMENT_TEAM = 5SLFBHS7D8;
				ENABLE_PREVIEWS = YES;
				GENERATE_INFOPLIST_FILE = YES;
				INFOPLIST_KEY_UIApplicationSceneManifest_Generation = YES;
				LD_RUNPATH_SEARCH_PATHS = (
					"$(inherited)",
					"@executable_path/Frameworks",
				);
				MARKETING_VERSION = 1.0;
				PRODUCT_BUNDLE_IDENTIFIER = com.Inspiration4App;
				PRODUCT_NAME = "$(TARGET_NAME)";
				SUPPORTED_PLATFORMS = "xros xrsimulator";
				SWIFT_EMIT_LOC_STRINGS = YES;
				SWIFT_VERSION = 5.0;
				TARGETED_DEVICE_FAMILY = "1,2,7";
			};
			name = Release;
		};
/* End XCBuildConfiguration section */

/* Begin XCConfigurationList section */
		7071AAD02AFBBA5D003F8AD6 /* Build configuration list for PBXProject "Inspiration4App" */ = {
			isa = XCConfigurationList;
			buildConfigurations = (
				7071AAE92AFBBA63003F8AD6 /* Debug */,
				7071AAEA2AFBBA63003F8AD6 /* Release */,
			);
			defaultConfigurationIsVisible = 0;
			defaultConfigurationName = Release;
		};
		7071AAEB2AFBBA63003F8AD6 /* Build configuration list for PBXNativeTarget "Inspiration4App" */ = {
			isa = XCConfigurationList;
			buildConfigurations = (
				7071AAEC2AFBBA63003F8AD6 /* Debug */,
				7071AAED2AFBBA63003F8AD6 /* Release */,
			);
			defaultConfigurationIsVisible = 0;
			defaultConfigurationName = Release;
		};
/* End XCConfigurationList section */

/* Begin XCSwiftPackageProductDependency section */
		7071AADA2AFBBA5D003F8AD6 /* RealityKitContent */ = {
			isa = XCSwiftPackageProductDependency;
			productName = RealityKitContent;
		};
/* End XCSwiftPackageProductDependency section */
	};
	rootObject = 7071AACD2AFBBA5D003F8AD6 /* Project object */;
}
